
Microsoft Visual Studio Solution File, Format Version 12.00
# Visual Studio 14
VisualStudioVersion = 14.0.25420.1
MinimumVisualStudioVersion = 10.0.40219.1
Project("{FAE04EC0-301F-11D3-BF4B-00C04F79EFBC}") = "PA5_GreenSteven_PokeDexWithClasses", "PA5_GreenSteven_PokeDexWithClasses\PA5_GreenSteven_PokeDexWithClasses.csproj", "{31F952E6-7968-464D-9B6B-0D5323824327}"
EndProject
Global
	GlobalSection(SolutionConfigurationPlatforms) = preSolution
		Debug|Any CPU = Debug|Any CPU
		Release|Any CPU = Release|Any CPU
	EndGlobalSection
	GlobalSection(ProjectConfigurationPlatforms) = postSolution
		{31F952E6-7968-464D-9B6B-0D5323824327}.Debug|Any CPU.ActiveCfg = Debug|Any CPU
		{31F952E6-7968-464D-9B6B-0D5323824327}.Debug|Any CPU.Build.0 = Debug|Any CPU
		{31F952E6-7968-464D-9B6B-0D5323824327}.Release|Any CPU.ActiveCfg = Release|Any CPU
		{31F952E6-7968-464D-9B6B-0D5323824327}.Release|Any CPU.Build.0 = Release|Any CPU
	EndGlobalSection
	GlobalSection(SolutionProperties) = preSolution
		HideSolutionNode = FALSE
	EndGlobalSection
EndGlobal
